
Microsoft Visual Studio Solution File, Format Version 12.00
# Visual Studio 2013
VisualStudioVersion = 12.0.31101.0
MinimumVisualStudioVersion = 10.0.40219.1
Project("{FAE04EC0-301F-11D3-BF4B-00C04F79EFBC}") = "PawPaw", "PawPaw\PawPaw.csproj", "{FA7270A2-BA98-41C1-9AD3-D1ECD4B271ED}"
EndProject
Project("{FAE04EC0-301F-11D3-BF4B-00C04F79EFBC}") = "PawPaw.Data", "PawPaw.Data\PawPaw.Data.csproj", "{E305403D-5556-448B-B837-DA3B70DA3A11}"
EndProject
Project("{FAE04EC0-301F-11D3-BF4B-00C04F79EFBC}") = "PawPaw.Data.Migrations", "PawPaw.Data.Migrations\PawPaw.Data.Migrations.csproj", "{47F09FC4-3E29-402E-BECE-A1F3AE44AE43}"
EndProject
Project("{FAE04EC0-301F-11D3-BF4B-00C04F79EFBC}") = "PawPaw.Tests", "PawPaw.Tests\PawPaw.Tests.csproj", "{C2B96D96-0383-4683-A165-8DDFFBEF2C93}"
EndProject
Project("{FAE04EC0-301F-11D3-BF4B-00C04F79EFBC}") = "PawPaw.DemoWeb", "PawPaw.DemoWeb\PawPaw.DemoWeb.csproj", "{044C4BA0-108D-4D71-AC76-F3C3E751EAB9}"
EndProject
Project("{FAE04EC0-301F-11D3-BF4B-00C04F79EFBC}") = "StructureMapContrib.PawPaw", "StructureMapContrib.PawPaw\StructureMapContrib.PawPaw.csproj", "{08D23AC1-BB37-485C-AB5D-95E639D66B9D}"
EndProject
Project("{2150E333-8FDC-42A3-9474-1A3956D46DE8}") = "IoC", "IoC", "{A5E3F595-0C90-4519-A862-9BCF568CC09B}"
EndProject
Project("{FAE04EC0-301F-11D3-BF4B-00C04F79EFBC}") = "PawPaw.Alloy", "PawPaw.Alloy\PawPaw.Alloy.csproj", "{1FADFA32-E9C3-4BE5-852B-5A8018B74E62}"
EndProject
Project("{2150E333-8FDC-42A3-9474-1A3956D46DE8}") = "Tests", "Tests", "{F8509B4C-E1AA-453A-A951-CC0F049E8C64}"
EndProject
Project("{FAE04EC0-301F-11D3-BF4B-00C04F79EFBC}") = "EPiServerContrib.PawPaw", "EPiServerContrib.PawPaw\EPiServerContrib.PawPaw.csproj", "{33379E27-13E6-4DC2-9ECF-16E32CAFA1C5}"
EndProject
Project("{FAE04EC0-301F-11D3-BF4B-00C04F79EFBC}") = "PawPaw.Web", "PawPaw.Web\PawPaw.Web.csproj", "{6BAE4F49-9F0E-483D-BA19-857C112226C3}"
EndProject
Project("{FAE04EC0-301F-11D3-BF4B-00C04F79EFBC}") = "PawPaw.WebApi", "PawPaw.WebApi\PawPaw.WebApi.csproj", "{E2CD0005-400D-4F94-81B7-6DFBD8E5D2F9}"
EndProject
Project("{FAE04EC0-301F-11D3-BF4B-00C04F79EFBC}") = "PawPaw.WebFront", "PawPaw.WebFront\PawPaw.WebFront.csproj", "{F635DAD2-11C1-4AEF-AD6C-FBC903361005}"
EndProject
Global
	GlobalSection(SolutionConfigurationPlatforms) = preSolution
		Debug|Any CPU = Debug|Any CPU
		Release|Any CPU = Release|Any CPU
	EndGlobalSection
	GlobalSection(ProjectConfigurationPlatforms) = postSolution
		{FA7270A2-BA98-41C1-9AD3-D1ECD4B271ED}.Debug|Any CPU.ActiveCfg = Debug|Any CPU
		{FA7270A2-BA98-41C1-9AD3-D1ECD4B271ED}.Debug|Any CPU.Build.0 = Debug|Any CPU
		{FA7270A2-BA98-41C1-9AD3-D1ECD4B271ED}.Release|Any CPU.ActiveCfg = Release|Any CPU
		{FA7270A2-BA98-41C1-9AD3-D1ECD4B271ED}.Release|Any CPU.Build.0 = Release|Any CPU
		{E305403D-5556-448B-B837-DA3B70DA3A11}.Debug|Any CPU.ActiveCfg = Debug|Any CPU
		{E305403D-5556-448B-B837-DA3B70DA3A11}.Debug|Any CPU.Build.0 = Debug|Any CPU
		{E305403D-5556-448B-B837-DA3B70DA3A11}.Release|Any CPU.ActiveCfg = Release|Any CPU
		{E305403D-5556-448B-B837-DA3B70DA3A11}.Release|Any CPU.Build.0 = Release|Any CPU
		{47F09FC4-3E29-402E-BECE-A1F3AE44AE43}.Debug|Any CPU.ActiveCfg = Debug|Any CPU
		{47F09FC4-3E29-402E-BECE-A1F3AE44AE43}.Debug|Any CPU.Build.0 = Debug|Any CPU
		{47F09FC4-3E29-402E-BECE-A1F3AE44AE43}.Release|Any CPU.ActiveCfg = Release|Any CPU
		{47F09FC4-3E29-402E-BECE-A1F3AE44AE43}.Release|Any CPU.Build.0 = Release|Any CPU
		{C2B96D96-0383-4683-A165-8DDFFBEF2C93}.Debug|Any CPU.ActiveCfg = Debug|Any CPU
		{C2B96D96-0383-4683-A165-8DDFFBEF2C93}.Debug|Any CPU.Build.0 = Debug|Any CPU
		{C2B96D96-0383-4683-A165-8DDFFBEF2C93}.Release|Any CPU.ActiveCfg = Release|Any CPU
		{C2B96D96-0383-4683-A165-8DDFFBEF2C93}.Release|Any CPU.Build.0 = Release|Any CPU
		{044C4BA0-108D-4D71-AC76-F3C3E751EAB9}.Debug|Any CPU.ActiveCfg = Debug|Any CPU
		{044C4BA0-108D-4D71-AC76-F3C3E751EAB9}.Debug|Any CPU.Build.0 = Debug|Any CPU
		{044C4BA0-108D-4D71-AC76-F3C3E751EAB9}.Release|Any CPU.ActiveCfg = Release|Any CPU
		{044C4BA0-108D-4D71-AC76-F3C3E751EAB9}.Release|Any CPU.Build.0 = Release|Any CPU
		{08D23AC1-BB37-485C-AB5D-95E639D66B9D}.Debug|Any CPU.ActiveCfg = Debug|Any CPU
		{08D23AC1-BB37-485C-AB5D-95E639D66B9D}.Debug|Any CPU.Build.0 = Debug|Any CPU
		{08D23AC1-BB37-485C-AB5D-95E639D66B9D}.Release|Any CPU.ActiveCfg = Release|Any CPU
		{08D23AC1-BB37-485C-AB5D-95E639D66B9D}.Release|Any CPU.Build.0 = Release|Any CPU
		{1FADFA32-E9C3-4BE5-852B-5A8018B74E62}.Debug|Any CPU.ActiveCfg = Debug|Any CPU
		{1FADFA32-E9C3-4BE5-852B-5A8018B74E62}.Debug|Any CPU.Build.0 = Debug|Any CPU
		{1FADFA32-E9C3-4BE5-852B-5A8018B74E62}.Release|Any CPU.ActiveCfg = Release|Any CPU
		{1FADFA32-E9C3-4BE5-852B-5A8018B74E62}.Release|Any CPU.Build.0 = Release|Any CPU
		{33379E27-13E6-4DC2-9ECF-16E32CAFA1C5}.Debug|Any CPU.ActiveCfg = Debug|Any CPU
		{33379E27-13E6-4DC2-9ECF-16E32CAFA1C5}.Debug|Any CPU.Build.0 = Debug|Any CPU
		{33379E27-13E6-4DC2-9ECF-16E32CAFA1C5}.Release|Any CPU.ActiveCfg = Release|Any CPU
		{33379E27-13E6-4DC2-9ECF-16E32CAFA1C5}.Release|Any CPU.Build.0 = Release|Any CPU
		{6BAE4F49-9F0E-483D-BA19-857C112226C3}.Debug|Any CPU.ActiveCfg = Debug|Any CPU
		{6BAE4F49-9F0E-483D-BA19-857C112226C3}.Debug|Any CPU.Build.0 = Debug|Any CPU
		{6BAE4F49-9F0E-483D-BA19-857C112226C3}.Release|Any CPU.ActiveCfg = Release|Any CPU
		{6BAE4F49-9F0E-483D-BA19-857C112226C3}.Release|Any CPU.Build.0 = Release|Any CPU
		{E2CD0005-400D-4F94-81B7-6DFBD8E5D2F9}.Debug|Any CPU.ActiveCfg = Debug|Any CPU
		{E2CD0005-400D-4F94-81B7-6DFBD8E5D2F9}.Debug|Any CPU.Build.0 = Debug|Any CPU
		{E2CD0005-400D-4F94-81B7-6DFBD8E5D2F9}.Release|Any CPU.ActiveCfg = Release|Any CPU
		{E2CD0005-400D-4F94-81B7-6DFBD8E5D2F9}.Release|Any CPU.Build.0 = Release|Any CPU
		{F635DAD2-11C1-4AEF-AD6C-FBC903361005}.Debug|Any CPU.ActiveCfg = Debug|Any CPU
		{F635DAD2-11C1-4AEF-AD6C-FBC903361005}.Debug|Any CPU.Build.0 = Debug|Any CPU
		{F635DAD2-11C1-4AEF-AD6C-FBC903361005}.Release|Any CPU.ActiveCfg = Release|Any CPU
		{F635DAD2-11C1-4AEF-AD6C-FBC903361005}.Release|Any CPU.Build.0 = Release|Any CPU
	EndGlobalSection
	GlobalSection(SolutionProperties) = preSolution
		HideSolutionNode = FALSE
	EndGlobalSection
	GlobalSection(NestedProjects) = preSolution
		{C2B96D96-0383-4683-A165-8DDFFBEF2C93} = {F8509B4C-E1AA-453A-A951-CC0F049E8C64}
		{08D23AC1-BB37-485C-AB5D-95E639D66B9D} = {A5E3F595-0C90-4519-A862-9BCF568CC09B}
	EndGlobalSection
EndGlobal
